
Microsoft Visual Studio Solution File, Format Version 12.00
# Visual Studio Version 17
VisualStudioVersion = 17.9.34701.34
MinimumVisualStudioVersion = 10.0.40219.1
Project("{FAE04EC0-301F-11D3-BF4B-00C04F79EFBC}") = "DiscordTurbineChat", "DiscordMod\DiscordTurbineChat.csproj", "{58CA9960-9AB2-49CF-983B-673C1AB22AF2}"
EndProject
Global
	GlobalSection(SolutionConfigurationPlatforms) = preSolution
		Debug|Any CPU = Debug|Any CPU
		Release|Any CPU = Release|Any CPU
	EndGlobalSection
	GlobalSection(ProjectConfigurationPlatforms) = postSolution
		{58CA9960-9AB2-49CF-983B-673C1AB22AF2}.Debug|Any CPU.ActiveCfg = Debug|Any CPU
		{58CA9960-9AB2-49CF-983B-673C1AB22AF2}.Debug|Any CPU.Build.0 = Debug|Any CPU
		{58CA9960-9AB2-49CF-983B-673C1AB22AF2}.Release|Any CPU.ActiveCfg = Release|Any CPU
		{58CA9960-9AB2-49CF-983B-673C1AB22AF2}.Release|Any CPU.Build.0 = Release|Any CPU
	EndGlobalSection
	GlobalSection(SolutionProperties) = preSolution
		HideSolutionNode = FALSE
	EndGlobalSection
	GlobalSection(ExtensibilityGlobals) = postSolution
		SolutionGuid = {8A348F98-C428-4009-A7B6-C557658E3A39}
	EndGlobalSection
EndGlobal
